
Microsoft Visual Studio Solution File, Format Version 12.00
# Visual Studio Version 17
VisualStudioVersion = 17.2.32616.157
MinimumVisualStudioVersion = 10.0.40219.1
Project("{FAE04EC0-301F-11D3-BF4B-00C04F79EFBC}") = "medical", "medical.csproj", "{BE74DF0B-DD10-4B9E-BCEC-0D13AD633AC5}"
EndProject
Global
	GlobalSection(SolutionConfigurationPlatforms) = preSolution
		Debug|Any CPU = Debug|Any CPU
		Release|Any CPU = Release|Any CPU
	EndGlobalSection
	GlobalSection(ProjectConfigurationPlatforms) = postSolution
		{BE74DF0B-DD10-4B9E-BCEC-0D13AD633AC5}.Debug|Any CPU.ActiveCfg = Debug|Any CPU
		{BE74DF0B-DD10-4B9E-BCEC-0D13AD633AC5}.Debug|Any CPU.Build.0 = Debug|Any CPU
		{BE74DF0B-DD10-4B9E-BCEC-0D13AD633AC5}.Release|Any CPU.ActiveCfg = Release|Any CPU
		{BE74DF0B-DD10-4B9E-BCEC-0D13AD633AC5}.Release|Any CPU.Build.0 = Release|Any CPU
	EndGlobalSection
	GlobalSection(SolutionProperties) = preSolution
		HideSolutionNode = FALSE
	EndGlobalSection
	GlobalSection(ExtensibilityGlobals) = postSolution
		SolutionGuid = {269B2514-1A39-49C1-9DDC-C1B830961A1F}
	EndGlobalSection
EndGlobal
